
Microsoft Visual Studio Solution File, Format Version 12.00
# Visual Studio 15
VisualStudioVersion = 15.0.28010.2003
MinimumVisualStudioVersion = 10.0.40219.1
Project("{FAE04EC0-301F-11D3-BF4B-00C04F79EFBC}") = "TrabalhoJeffersonFonseca.Android", "TrabalhoJeffersonFonseca\TrabalhoJeffersonFonseca.Android\TrabalhoJeffersonFonseca.Android.csproj", "{DE7B8B6C-E4D2-44FD-94A7-3BB3CF446F96}"
EndProject
Project("{FAE04EC0-301F-11D3-BF4B-00C04F79EFBC}") = "TrabalhoJeffersonFonseca.iOS", "TrabalhoJeffersonFonseca\TrabalhoJeffersonFonseca.iOS\TrabalhoJeffersonFonseca.iOS.csproj", "{8D5FB3EE-E578-4922-93F3-CD33D374E5AF}"
EndProject
Project("{FAE04EC0-301F-11D3-BF4B-00C04F79EFBC}") = "TrabalhoJeffersonFonseca.UWP", "TrabalhoJeffersonFonseca\TrabalhoJeffersonFonseca.UWP\TrabalhoJeffersonFonseca.UWP.csproj", "{E2F41C0A-D312-4A85-B060-76A47B2C3C39}"
EndProject
Project("{FAE04EC0-301F-11D3-BF4B-00C04F79EFBC}") = "TrabalhoJeffersonFonseca", "TrabalhoJeffersonFonseca\TrabalhoJeffersonFonseca\TrabalhoJeffersonFonseca.csproj", "{E913B810-8C89-406A-8C76-13FA304341B4}"
EndProject
Global
	GlobalSection(SolutionConfigurationPlatforms) = preSolution
		Ad-Hoc|Any CPU = Ad-Hoc|Any CPU
		Ad-Hoc|ARM = Ad-Hoc|ARM
		Ad-Hoc|iPhone = Ad-Hoc|iPhone
		Ad-Hoc|iPhoneSimulator = Ad-Hoc|iPhoneSimulator
		Ad-Hoc|x64 = Ad-Hoc|x64
		Ad-Hoc|x86 = Ad-Hoc|x86
		AppStore|Any CPU = AppStore|Any CPU
		AppStore|ARM = AppStore|ARM
		AppStore|iPhone = AppStore|iPhone
		AppStore|iPhoneSimulator = AppStore|iPhoneSimulator
		AppStore|x64 = AppStore|x64
		AppStore|x86 = AppStore|x86
		Debug|Any CPU = Debug|Any CPU
		Debug|ARM = Debug|ARM
		Debug|iPhone = Debug|iPhone
		Debug|iPhoneSimulator = Debug|iPhoneSimulator
		Debug|x64 = Debug|x64
		Debug|x86 = Debug|x86
		Release|Any CPU = Release|Any CPU
		Release|ARM = Release|ARM
		Release|iPhone = Release|iPhone
		Release|iPhoneSimulator = Release|iPhoneSimulator
		Release|x64 = Release|x64
		Release|x86 = Release|x86
	EndGlobalSection
	GlobalSection(ProjectConfigurationPlatforms) = postSolution
		{DE7B8B6C-E4D2-44FD-94A7-3BB3CF446F96}.Ad-Hoc|Any CPU.ActiveCfg = Release|Any CPU
		{DE7B8B6C-E4D2-44FD-94A7-3BB3CF446F96}.Ad-Hoc|Any CPU.Build.0 = Release|Any CPU
		{DE7B8B6C-E4D2-44FD-94A7-3BB3CF446F96}.Ad-Hoc|Any CPU.Deploy.0 = Release|Any CPU
		{DE7B8B6C-E4D2-44FD-94A7-3BB3CF446F96}.Ad-Hoc|ARM.ActiveCfg = Release|Any CPU
		{DE7B8B6C-E4D2-44FD-94A7-3BB3CF446F96}.Ad-Hoc|ARM.Build.0 = Release|Any CPU
		{DE7B8B6C-E4D2-44FD-94A7-3BB3CF446F96}.Ad-Hoc|ARM.Deploy.0 = Release|Any CPU
		{DE7B8B6C-E4D2-44FD-94A7-3BB3CF446F96}.Ad-Hoc|iPhone.ActiveCfg = Release|Any CPU
		{DE7B8B6C-E4D2-44FD-94A7-3BB3CF446F96}.Ad-Hoc|iPhone.Build.0 = Release|Any CPU
		{DE7B8B6C-E4D2-44FD-94A7-3BB3CF446F96}.Ad-Hoc|iPhone.Deploy.0 = Release|Any CPU
		{DE7B8B6C-E4D2-44FD-94A7-3BB3CF446F96}.Ad-Hoc|iPhoneSimulator.ActiveCfg = Release|Any CPU
		{DE7B8B6C-E4D2-44FD-94A7-3BB3CF446F96}.Ad-Hoc|iPhoneSimulator.Build.0 = Release|Any CPU
		{DE7B8B6C-E4D2-44FD-94A7-3BB3CF446F96}.Ad-Hoc|iPhoneSimulator.Deploy.0 = Release|Any CPU
		{DE7B8B6C-E4D2-44FD-94A7-3BB3CF446F96}.Ad-Hoc|x64.ActiveCfg = Release|Any CPU
		{DE7B8B6C-E4D2-44FD-94A7-3BB3CF446F96}.Ad-Hoc|x64.Build.0 = Release|Any CPU
		{DE7B8B6C-E4D2-44FD-94A7-3BB3CF446F96}.Ad-Hoc|x64.Deploy.0 = Release|Any CPU
		{DE7B8B6C-E4D2-44FD-94A7-3BB3CF446F96}.Ad-Hoc|x86.ActiveCfg = Release|Any CPU
		{DE7B8B6C-E4D2-44FD-94A7-3BB3CF446F96}.Ad-Hoc|x86.Build.0 = Release|Any CPU
		{DE7B8B6C-E4D2-44FD-94A7-3BB3CF446F96}.Ad-Hoc|x86.Deploy.0 = Release|Any CPU
		{DE7B8B6C-E4D2-44FD-94A7-3BB3CF446F96}.AppStore|Any CPU.ActiveCfg = Release|Any CPU
		{DE7B8B6C-E4D2-44FD-94A7-3BB3CF446F96}.AppStore|Any CPU.Build.0 = Release|Any CPU
		{DE7B8B6C-E4D2-44FD-94A7-3BB3CF446F96}.AppStore|Any CPU.Deploy.0 = Release|Any CPU
		{DE7B8B6C-E4D2-44FD-94A7-3BB3CF446F96}.AppStore|ARM.ActiveCfg = Release|Any CPU
		{DE7B8B6C-E4D2-44FD-94A7-3BB3CF446F96}.AppStore|ARM.Build.0 = Release|Any CPU
		{DE7B8B6C-E4D2-44FD-94A7-3BB3CF446F96}.AppStore|ARM.Deploy.0 = Release|Any CPU
		{DE7B8B6C-E4D2-44FD-94A7-3BB3CF446F96}.AppStore|iPhone.ActiveCfg = Release|Any CPU
		{DE7B8B6C-E4D2-44FD-94A7-3BB3CF446F96}.AppStore|iPhone.Build.0 = Release|Any CPU
		{DE7B8B6C-E4D2-44FD-94A7-3BB3CF446F96}.AppStore|iPhone.Deploy.0 = Release|Any CPU
		{DE7B8B6C-E4D2-44FD-94A7-3BB3CF446F96}.AppStore|iPhoneSimulator.ActiveCfg = Release|Any CPU
		{DE7B8B6C-E4D2-44FD-94A7-3BB3CF446F96}.AppStore|iPhoneSimulator.Build.0 = Release|Any CPU
		{DE7B8B6C-E4D2-44FD-94A7-3BB3CF446F96}.AppStore|iPhoneSimulator.Deploy.0 = Release|Any CPU
		{DE7B8B6C-E4D2-44FD-94A7-3BB3CF446F96}.AppStore|x64.ActiveCfg = Release|Any CPU
		{DE7B8B6C-E4D2-44FD-94A7-3BB3CF446F96}.AppStore|x64.Build.0 = Release|Any CPU
		{DE7B8B6C-E4D2-44FD-94A7-3BB3CF446F96}.AppStore|x64.Deploy.0 = Release|Any CPU
		{DE7B8B6C-E4D2-44FD-94A7-3BB3CF446F96}.AppStore|x86.ActiveCfg = Release|Any CPU
		{DE7B8B6C-E4D2-44FD-94A7-3BB3CF446F96}.AppStore|x86.Build.0 = Release|Any CPU
		{DE7B8B6C-E4D2-44FD-94A7-3BB3CF446F96}.AppStore|x86.Deploy.0 = Release|Any CPU
		{DE7B8B6C-E4D2-44FD-94A7-3BB3CF446F96}.Debug|Any CPU.ActiveCfg = Debug|Any CPU
		{DE7B8B6C-E4D2-44FD-94A7-3BB3CF446F96}.Debug|Any CPU.Build.0 = Debug|Any CPU
		{DE7B8B6C-E4D2-44FD-94A7-3BB3CF446F96}.Debug|Any CPU.Deploy.0 = Debug|Any CPU
		{DE7B8B6C-E4D2-44FD-94A7-3BB3CF446F96}.Debug|ARM.ActiveCfg = Debug|Any CPU
		{DE7B8B6C-E4D2-44FD-94A7-3BB3CF446F96}.Debug|ARM.Build.0 = Debug|Any CPU
		{DE7B8B6C-E4D2-44FD-94A7-3BB3CF446F96}.Debug|ARM.Deploy.0 = Debug|Any CPU
		{DE7B8B6C-E4D2-44FD-94A7-3BB3CF446F96}.Debug|iPhone.ActiveCfg = Debug|Any CPU
		{DE7B8B6C-E4D2-44FD-94A7-3BB3CF446F96}.Debug|iPhone.Build.0 = Debug|Any CPU
		{DE7B8B6C-E4D2-44FD-94A7-3BB3CF446F96}.Debug|iPhone.Deploy.0 = Debug|Any CPU
		{DE7B8B6C-E4D2-44FD-94A7-3BB3CF446F96}.Debug|iPhoneSimulator.ActiveCfg = Debug|Any CPU
		{DE7B8B6C-E4D2-44FD-94A7-3BB3CF446F96}.Debug|iPhoneSimulator.Build.0 = Debug|Any CPU
		{DE7B8B6C-E4D2-44FD-94A7-3BB3CF446F96}.Debug|iPhoneSimulator.Deploy.0 = Debug|Any CPU
		{DE7B8B6C-E4D2-44FD-94A7-3BB3CF446F96}.Debug|x64.ActiveCfg = Debug|Any CPU
		{DE7B8B6C-E4D2-44FD-94A7-3BB3CF446F96}.Debug|x64.Build.0 = Debug|Any CPU
		{DE7B8B6C-E4D2-44FD-94A7-3BB3CF446F96}.Debug|x64.Deploy.0 = Debug|Any CPU
		{DE7B8B6C-E4D2-44FD-94A7-3BB3CF446F96}.Debug|x86.ActiveCfg = Debug|Any CPU
		{DE7B8B6C-E4D2-44FD-94A7-3BB3CF446F96}.Debug|x86.Build.0 = Debug|Any CPU
		{DE7B8B6C-E4D2-44FD-94A7-3BB3CF446F96}.Debug|x86.Deploy.0 = Debug|Any CPU
		{DE7B8B6C-E4D2-44FD-94A7-3BB3CF446F96}.Release|Any CPU.ActiveCfg = Release|Any CPU
		{DE7B8B6C-E4D2-44FD-94A7-3BB3CF446F96}.Release|Any CPU.Build.0 = Release|Any CPU
		{DE7B8B6C-E4D2-44FD-94A7-3BB3CF446F96}.Release|Any CPU.Deploy.0 = Release|Any CPU
		{DE7B8B6C-E4D2-44FD-94A7-3BB3CF446F96}.Release|ARM.ActiveCfg = Release|Any CPU
		{DE7B8B6C-E4D2-44FD-94A7-3BB3CF446F96}.Release|ARM.Build.0 = Release|Any CPU
		{DE7B8B6C-E4D2-44FD-94A7-3BB3CF446F96}.Release|ARM.Deploy.0 = Release|Any CPU
		{DE7B8B6C-E4D2-44FD-94A7-3BB3CF446F96}.Release|iPhone.ActiveCfg = Release|Any CPU
		{DE7B8B6C-E4D2-44FD-94A7-3BB3CF446F96}.Release|iPhone.Build.0 = Release|Any CPU
		{DE7B8B6C-E4D2-44FD-94A7-3BB3CF446F96}.Release|iPhone.Deploy.0 = Release|Any CPU
		{DE7B8B6C-E4D2-44FD-94A7-3BB3CF446F96}.Release|iPhoneSimulator.ActiveCfg = Release|Any CPU
		{DE7B8B6C-E4D2-44FD-94A7-3BB3CF446F96}.Release|iPhoneSimulator.Build.0 = Release|Any CPU
		{DE7B8B6C-E4D2-44FD-94A7-3BB3CF446F96}.Release|iPhoneSimulator.Deploy.0 = Release|Any CPU
		{DE7B8B6C-E4D2-44FD-94A7-3BB3CF446F96}.Release|x64.ActiveCfg = Release|Any CPU
		{DE7B8B6C-E4D2-44FD-94A7-3BB3CF446F96}.Release|x64.Build.0 = Release|Any CPU
		{DE7B8B6C-E4D2-44FD-94A7-3BB3CF446F96}.Release|x64.Deploy.0 = Release|Any CPU
		{DE7B8B6C-E4D2-44FD-94A7-3BB3CF446F96}.Release|x86.ActiveCfg = Release|Any CPU
		{DE7B8B6C-E4D2-44FD-94A7-3BB3CF446F96}.Release|x86.Build.0 = Release|Any CPU
		{DE7B8B6C-E4D2-44FD-94A7-3BB3CF446F96}.Release|x86.Deploy.0 = Release|Any CPU
		{8D5FB3EE-E578-4922-93F3-CD33D374E5AF}.Ad-Hoc|Any CPU.ActiveCfg = Ad-Hoc|iPhone
		{8D5FB3EE-E578-4922-93F3-CD33D374E5AF}.Ad-Hoc|Any CPU.Build.0 = Ad-Hoc|iPhone
		{8D5FB3EE-E578-4922-93F3-CD33D374E5AF}.Ad-Hoc|Any CPU.Deploy.0 = Ad-Hoc|iPhone
		{8D5FB3EE-E578-4922-93F3-CD33D374E5AF}.Ad-Hoc|ARM.ActiveCfg = Ad-Hoc|iPhone
		{8D5FB3EE-E578-4922-93F3-CD33D374E5AF}.Ad-Hoc|ARM.Build.0 = Ad-Hoc|iPhone
		{8D5FB3EE-E578-4922-93F3-CD33D374E5AF}.Ad-Hoc|ARM.Deploy.0 = Ad-Hoc|iPhone
		{8D5FB3EE-E578-4922-93F3-CD33D374E5AF}.Ad-Hoc|iPhone.ActiveCfg = Ad-Hoc|iPhone
		{8D5FB3EE-E578-4922-93F3-CD33D374E5AF}.Ad-Hoc|iPhone.Build.0 = Ad-Hoc|iPhone
		{8D5FB3EE-E578-4922-93F3-CD33D374E5AF}.Ad-Hoc|iPhone.Deploy.0 = Ad-Hoc|iPhone
		{8D5FB3EE-E578-4922-93F3-CD33D374E5AF}.Ad-Hoc|iPhoneSimulator.ActiveCfg = Ad-Hoc|iPhoneSimulator
		{8D5FB3EE-E578-4922-93F3-CD33D374E5AF}.Ad-Hoc|iPhoneSimulator.Build.0 = Ad-Hoc|iPhoneSimulator
		{8D5FB3EE-E578-4922-93F3-CD33D374E5AF}.Ad-Hoc|iPhoneSimulator.Deploy.0 = Ad-Hoc|iPhoneSimulator
		{8D5FB3EE-E578-4922-93F3-CD33D374E5AF}.Ad-Hoc|x64.ActiveCfg = Ad-Hoc|iPhone
		{8D5FB3EE-E578-4922-93F3-CD33D374E5AF}.Ad-Hoc|x64.Build.0 = Ad-Hoc|iPhone
		{8D5FB3EE-E578-4922-93F3-CD33D374E5AF}.Ad-Hoc|x64.Deploy.0 = Ad-Hoc|iPhone
		{8D5FB3EE-E578-4922-93F3-CD33D374E5AF}.Ad-Hoc|x86.ActiveCfg = Ad-Hoc|iPhone
		{8D5FB3EE-E578-4922-93F3-CD33D374E5AF}.Ad-Hoc|x86.Build.0 = Ad-Hoc|iPhone
		{8D5FB3EE-E578-4922-93F3-CD33D374E5AF}.Ad-Hoc|x86.Deploy.0 = Ad-Hoc|iPhone
		{8D5FB3EE-E578-4922-93F3-CD33D374E5AF}.AppStore|Any CPU.ActiveCfg = AppStore|iPhone
		{8D5FB3EE-E578-4922-93F3-CD33D374E5AF}.AppStore|Any CPU.Build.0 = AppStore|iPhone
		{8D5FB3EE-E578-4922-93F3-CD33D374E5AF}.AppStore|Any CPU.Deploy.0 = AppStore|iPhone
		{8D5FB3EE-E578-4922-93F3-CD33D374E5AF}.AppStore|ARM.ActiveCfg = AppStore|iPhone
		{8D5FB3EE-E578-4922-93F3-CD33D374E5AF}.AppStore|ARM.Build.0 = AppStore|iPhone
		{8D5FB3EE-E578-4922-93F3-CD33D374E5AF}.AppStore|ARM.Deploy.0 = AppStore|iPhone
		{8D5FB3EE-E578-4922-93F3-CD33D374E5AF}.AppStore|iPhone.ActiveCfg = AppStore|iPhone
		{8D5FB3EE-E578-4922-93F3-CD33D374E5AF}.AppStore|iPhone.Build.0 = AppStore|iPhone
		{8D5FB3EE-E578-4922-93F3-CD33D374E5AF}.AppStore|iPhone.Deploy.0 = AppStore|iPhone
		{8D5FB3EE-E578-4922-93F3-CD33D374E5AF}.AppStore|iPhoneSimulator.ActiveCfg = AppStore|iPhoneSimulator
		{8D5FB3EE-E578-4922-93F3-CD33D374E5AF}.AppStore|iPhoneSimulator.Build.0 = AppStore|iPhoneSimulator
		{8D5FB3EE-E578-4922-93F3-CD33D374E5AF}.AppStore|iPhoneSimulator.Deploy.0 = AppStore|iPhoneSimulator
		{8D5FB3EE-E578-4922-93F3-CD33D374E5AF}.AppStore|x64.ActiveCfg = AppStore|iPhone
		{8D5FB3EE-E578-4922-93F3-CD33D374E5AF}.AppStore|x64.Build.0 = AppStore|iPhone
		{8D5FB3EE-E578-4922-93F3-CD33D374E5AF}.AppStore|x64.Deploy.0 = AppStore|iPhone
		{8D5FB3EE-E578-4922-93F3-CD33D374E5AF}.AppStore|x86.ActiveCfg = AppStore|iPhone
		{8D5FB3EE-E578-4922-93F3-CD33D374E5AF}.AppStore|x86.Build.0 = AppStore|iPhone
		{8D5FB3EE-E578-4922-93F3-CD33D374E5AF}.AppStore|x86.Deploy.0 = AppStore|iPhone
		{8D5FB3EE-E578-4922-93F3-CD33D374E5AF}.Debug|Any CPU.ActiveCfg = Debug|iPhoneSimulator
		{8D5FB3EE-E578-4922-93F3-CD33D374E5AF}.Debug|Any CPU.Build.0 = Debug|iPhoneSimulator
		{8D5FB3EE-E578-4922-93F3-CD33D374E5AF}.Debug|Any CPU.Deploy.0 = Debug|iPhoneSimulator
		{8D5FB3EE-E578-4922-93F3-CD33D374E5AF}.Debug|ARM.ActiveCfg = Debug|iPhone
		{8D5FB3EE-E578-4922-93F3-CD33D374E5AF}.Debug|ARM.Build.0 = Debug|iPhone
		{8D5FB3EE-E578-4922-93F3-CD33D374E5AF}.Debug|ARM.Deploy.0 = Debug|iPhone
		{8D5FB3EE-E578-4922-93F3-CD33D374E5AF}.Debug|iPhone.ActiveCfg = Debug|iPhone
		{8D5FB3EE-E578-4922-93F3-CD33D374E5AF}.Debug|iPhone.Build.0 = Debug|iPhone
		{8D5FB3EE-E578-4922-93F3-CD33D374E5AF}.Debug|iPhone.Deploy.0 = Debug|iPhone
		{8D5FB3EE-E578-4922-93F3-CD33D374E5AF}.Debug|iPhoneSimulator.ActiveCfg = Debug|iPhoneSimulator
		{8D5FB3EE-E578-4922-93F3-CD33D374E5AF}.Debug|iPhoneSimulator.Build.0 = Debug|iPhoneSimulator
		{8D5FB3EE-E578-4922-93F3-CD33D374E5AF}.Debug|iPhoneSimulator.Deploy.0 = Debug|iPhoneSimulator
		{8D5FB3EE-E578-4922-93F3-CD33D374E5AF}.Debug|x64.ActiveCfg = Debug|iPhone
		{8D5FB3EE-E578-4922-93F3-CD33D374E5AF}.Debug|x64.Build.0 = Debug|iPhone
		{8D5FB3EE-E578-4922-93F3-CD33D374E5AF}.Debug|x64.Deploy.0 = Debug|iPhone
		{8D5FB3EE-E578-4922-93F3-CD33D374E5AF}.Debug|x86.ActiveCfg = Debug|iPhone
		{8D5FB3EE-E578-4922-93F3-CD33D374E5AF}.Debug|x86.Build.0 = Debug|iPhone
		{8D5FB3EE-E578-4922-93F3-CD33D374E5AF}.Debug|x86.Deploy.0 = Debug|iPhone
		{8D5FB3EE-E578-4922-93F3-CD33D374E5AF}.Release|Any CPU.ActiveCfg = Release|iPhone
		{8D5FB3EE-E578-4922-93F3-CD33D374E5AF}.Release|Any CPU.Build.0 = Release|iPhone
		{8D5FB3EE-E578-4922-93F3-CD33D374E5AF}.Release|Any CPU.Deploy.0 = Release|iPhone
		{8D5FB3EE-E578-4922-93F3-CD33D374E5AF}.Release|ARM.ActiveCfg = Release|iPhone
		{8D5FB3EE-E578-4922-93F3-CD33D374E5AF}.Release|ARM.Build.0 = Release|iPhone
		{8D5FB3EE-E578-4922-93F3-CD33D374E5AF}.Release|ARM.Deploy.0 = Release|iPhone
		{8D5FB3EE-E578-4922-93F3-CD33D374E5AF}.Release|iPhone.ActiveCfg = Release|iPhone
		{8D5FB3EE-E578-4922-93F3-CD33D374E5AF}.Release|iPhone.Build.0 = Release|iPhone
		{8D5FB3EE-E578-4922-93F3-CD33D374E5AF}.Release|iPhone.Deploy.0 = Release|iPhone
		{8D5FB3EE-E578-4922-93F3-CD33D374E5AF}.Release|iPhoneSimulator.ActiveCfg = Release|iPhoneSimulator
		{8D5FB3EE-E578-4922-93F3-CD33D374E5AF}.Release|iPhoneSimulator.Build.0 = Release|iPhoneSimulator
		{8D5FB3EE-E578-4922-93F3-CD33D374E5AF}.Release|iPhoneSimulator.Deploy.0 = Release|iPhoneSimulator
		{8D5FB3EE-E578-4922-93F3-CD33D374E5AF}.Release|x64.ActiveCfg = Release|iPhone
		{8D5FB3EE-E578-4922-93F3-CD33D374E5AF}.Release|x64.Build.0 = Release|iPhone
		{8D5FB3EE-E578-4922-93F3-CD33D374E5AF}.Release|x64.Deploy.0 = Release|iPhone
		{8D5FB3EE-E578-4922-93F3-CD33D374E5AF}.Release|x86.ActiveCfg = Release|iPhone
		{8D5FB3EE-E578-4922-93F3-CD33D374E5AF}.Release|x86.Build.0 = Release|iPhone
		{8D5FB3EE-E578-4922-93F3-CD33D374E5AF}.Release|x86.Deploy.0 = Release|iPhone
		{E2F41C0A-D312-4A85-B060-76A47B2C3C39}.Ad-Hoc|Any CPU.ActiveCfg = Release|x86
		{E2F41C0A-D312-4A85-B060-76A47B2C3C39}.Ad-Hoc|Any CPU.Build.0 = Release|x86
		{E2F41C0A-D312-4A85-B060-76A47B2C3C39}.Ad-Hoc|Any CPU.Deploy.0 = Release|x86
		{E2F41C0A-D312-4A85-B060-76A47B2C3C39}.Ad-Hoc|ARM.ActiveCfg = Release|ARM
		{E2F41C0A-D312-4A85-B060-76A47B2C3C39}.Ad-Hoc|ARM.Build.0 = Release|ARM
		{E2F41C0A-D312-4A85-B060-76A47B2C3C39}.Ad-Hoc|ARM.Deploy.0 = Release|ARM
		{E2F41C0A-D312-4A85-B060-76A47B2C3C39}.Ad-Hoc|iPhone.ActiveCfg = Release|x86
		{E2F41C0A-D312-4A85-B060-76A47B2C3C39}.Ad-Hoc|iPhone.Build.0 = Release|x86
		{E2F41C0A-D312-4A85-B060-76A47B2C3C39}.Ad-Hoc|iPhone.Deploy.0 = Release|x86
		{E2F41C0A-D312-4A85-B060-76A47B2C3C39}.Ad-Hoc|iPhoneSimulator.ActiveCfg = Release|x86
		{E2F41C0A-D312-4A85-B060-76A47B2C3C39}.Ad-Hoc|iPhoneSimulator.Build.0 = Release|x86
		{E2F41C0A-D312-4A85-B060-76A47B2C3C39}.Ad-Hoc|iPhoneSimulator.Deploy.0 = Release|x86
		{E2F41C0A-D312-4A85-B060-76A47B2C3C39}.Ad-Hoc|x64.ActiveCfg = Release|x64
		{E2F41C0A-D312-4A85-B060-76A47B2C3C39}.Ad-Hoc|x64.Build.0 = Release|x64
		{E2F41C0A-D312-4A85-B060-76A47B2C3C39}.Ad-Hoc|x64.Deploy.0 = Release|x64
		{E2F41C0A-D312-4A85-B060-76A47B2C3C39}.Ad-Hoc|x86.ActiveCfg = Release|x86
		{E2F41C0A-D312-4A85-B060-76A47B2C3C39}.Ad-Hoc|x86.Build.0 = Release|x86
		{E2F41C0A-D312-4A85-B060-76A47B2C3C39}.Ad-Hoc|x86.Deploy.0 = Release|x86
		{E2F41C0A-D312-4A85-B060-76A47B2C3C39}.AppStore|Any CPU.ActiveCfg = Release|x86
		{E2F41C0A-D312-4A85-B060-76A47B2C3C39}.AppStore|Any CPU.Build.0 = Release|x86
		{E2F41C0A-D312-4A85-B060-76A47B2C3C39}.AppStore|Any CPU.Deploy.0 = Release|x86
		{E2F41C0A-D312-4A85-B060-76A47B2C3C39}.AppStore|ARM.ActiveCfg = Release|ARM
		{E2F41C0A-D312-4A85-B060-76A47B2C3C39}.AppStore|ARM.Build.0 = Release|ARM
		{E2F41C0A-D312-4A85-B060-76A47B2C3C39}.AppStore|ARM.Deploy.0 = Release|ARM
		{E2F41C0A-D312-4A85-B060-76A47B2C3C39}.AppStore|iPhone.ActiveCfg = Release|x86
		{E2F41C0A-D312-4A85-B060-76A47B2C3C39}.AppStore|iPhone.Build.0 = Release|x86
		{E2F41C0A-D312-4A85-B060-76A47B2C3C39}.AppStore|iPhone.Deploy.0 = Release|x86
		{E2F41C0A-D312-4A85-B060-76A47B2C3C39}.AppStore|iPhoneSimulator.ActiveCfg = Release|x86
		{E2F41C0A-D312-4A85-B060-76A47B2C3C39}.AppStore|iPhoneSimulator.Build.0 = Release|x86
		{E2F41C0A-D312-4A85-B060-76A47B2C3C39}.AppStore|iPhoneSimulator.Deploy.0 = Release|x86
		{E2F41C0A-D312-4A85-B060-76A47B2C3C39}.AppStore|x64.ActiveCfg = Release|x64
		{E2F41C0A-D312-4A85-B060-76A47B2C3C39}.AppStore|x64.Build.0 = Release|x64
		{E2F41C0A-D312-4A85-B060-76A47B2C3C39}.AppStore|x64.Deploy.0 = Release|x64
		{E2F41C0A-D312-4A85-B060-76A47B2C3C39}.AppStore|x86.ActiveCfg = Release|x86
		{E2F41C0A-D312-4A85-B060-76A47B2C3C39}.AppStore|x86.Build.0 = Release|x86
		{E2F41C0A-D312-4A85-B060-76A47B2C3C39}.AppStore|x86.Deploy.0 = Release|x86
		{E2F41C0A-D312-4A85-B060-76A47B2C3C39}.Debug|Any CPU.ActiveCfg = Debug|x86
		{E2F41C0A-D312-4A85-B060-76A47B2C3C39}.Debug|Any CPU.Build.0 = Debug|x86
		{E2F41C0A-D312-4A85-B060-76A47B2C3C39}.Debug|Any CPU.Deploy.0 = Debug|x86
		{E2F41C0A-D312-4A85-B060-76A47B2C3C39}.Debug|ARM.ActiveCfg = Debug|ARM
		{E2F41C0A-D312-4A85-B060-76A47B2C3C39}.Debug|ARM.Build.0 = Debug|ARM
		{E2F41C0A-D312-4A85-B060-76A47B2C3C39}.Debug|ARM.Deploy.0 = Debug|ARM
		{E2F41C0A-D312-4A85-B060-76A47B2C3C39}.Debug|iPhone.ActiveCfg = Debug|x86
		{E2F41C0A-D312-4A85-B060-76A47B2C3C39}.Debug|iPhone.Build.0 = Debug|x86
		{E2F41C0A-D312-4A85-B060-76A47B2C3C39}.Debug|iPhone.Deploy.0 = Debug|x86
		{E2F41C0A-D312-4A85-B060-76A47B2C3C39}.Debug|iPhoneSimulator.ActiveCfg = Debug|x86
		{E2F41C0A-D312-4A85-B060-76A47B2C3C39}.Debug|iPhoneSimulator.Build.0 = Debug|x86
		{E2F41C0A-D312-4A85-B060-76A47B2C3C39}.Debug|iPhoneSimulator.Deploy.0 = Debug|x86
		{E2F41C0A-D312-4A85-B060-76A47B2C3C39}.Debug|x64.ActiveCfg = Debug|x64
		{E2F41C0A-D312-4A85-B060-76A47B2C3C39}.Debug|x64.Build.0 = Debug|x64
		{E2F41C0A-D312-4A85-B060-76A47B2C3C39}.Debug|x64.Deploy.0 = Debug|x64
		{E2F41C0A-D312-4A85-B060-76A47B2C3C39}.Debug|x86.ActiveCfg = Debug|x86
		{E2F41C0A-D312-4A85-B060-76A47B2C3C39}.Debug|x86.Build.0 = Debug|x86
		{E2F41C0A-D312-4A85-B060-76A47B2C3C39}.Debug|x86.Deploy.0 = Debug|x86
		{E2F41C0A-D312-4A85-B060-76A47B2C3C39}.Release|Any CPU.ActiveCfg = Release|x86
		{E2F41C0A-D312-4A85-B060-76A47B2C3C39}.Release|Any CPU.Build.0 = Release|x86
		{E2F41C0A-D312-4A85-B060-76A47B2C3C39}.Release|Any CPU.Deploy.0 = Release|x86
		{E2F41C0A-D312-4A85-B060-76A47B2C3C39}.Release|ARM.ActiveCfg = Release|ARM
		{E2F41C0A-D312-4A85-B060-76A47B2C3C39}.Release|ARM.Build.0 = Release|ARM
		{E2F41C0A-D312-4A85-B060-76A47B2C3C39}.Release|ARM.Deploy.0 = Release|ARM
		{E2F41C0A-D312-4A85-B060-76A47B2C3C39}.Release|iPhone.ActiveCfg = Release|x86
		{E2F41C0A-D312-4A85-B060-76A47B2C3C39}.Release|iPhone.Build.0 = Release|x86
		{E2F41C0A-D312-4A85-B060-76A47B2C3C39}.Release|iPhone.Deploy.0 = Release|x86
		{E2F41C0A-D312-4A85-B060-76A47B2C3C39}.Release|iPhoneSimulator.ActiveCfg = Release|x86
		{E2F41C0A-D312-4A85-B060-76A47B2C3C39}.Release|iPhoneSimulator.Build.0 = Release|x86
		{E2F41C0A-D312-4A85-B060-76A47B2C3C39}.Release|iPhoneSimulator.Deploy.0 = Release|x86
		{E2F41C0A-D312-4A85-B060-76A47B2C3C39}.Release|x64.ActiveCfg = Release|x64
		{E2F41C0A-D312-4A85-B060-76A47B2C3C39}.Release|x64.Build.0 = Release|x64
		{E2F41C0A-D312-4A85-B060-76A47B2C3C39}.Release|x64.Deploy.0 = Release|x64
		{E2F41C0A-D312-4A85-B060-76A47B2C3C39}.Release|x86.ActiveCfg = Release|x86
		{E2F41C0A-D312-4A85-B060-76A47B2C3C39}.Release|x86.Build.0 = Release|x86
		{E2F41C0A-D312-4A85-B060-76A47B2C3C39}.Release|x86.Deploy.0 = Release|x86
		{E913B810-8C89-406A-8C76-13FA304341B4}.Ad-Hoc|Any CPU.ActiveCfg = Debug|Any CPU
		{E913B810-8C89-406A-8C76-13FA304341B4}.Ad-Hoc|Any CPU.Build.0 = Debug|Any CPU
		{E913B810-8C89-406A-8C76-13FA304341B4}.Ad-Hoc|Any CPU.Deploy.0 = Debug|Any CPU
		{E913B810-8C89-406A-8C76-13FA304341B4}.Ad-Hoc|ARM.ActiveCfg = Debug|Any CPU
		{E913B810-8C89-406A-8C76-13FA304341B4}.Ad-Hoc|ARM.Build.0 = Debug|Any CPU
		{E913B810-8C89-406A-8C76-13FA304341B4}.Ad-Hoc|ARM.Deploy.0 = Debug|Any CPU
		{E913B810-8C89-406A-8C76-13FA304341B4}.Ad-Hoc|iPhone.ActiveCfg = Debug|Any CPU
		{E913B810-8C89-406A-8C76-13FA304341B4}.Ad-Hoc|iPhone.Build.0 = Debug|Any CPU
		{E913B810-8C89-406A-8C76-13FA304341B4}.Ad-Hoc|iPhone.Deploy.0 = Debug|Any CPU
		{E913B810-8C89-406A-8C76-13FA304341B4}.Ad-Hoc|iPhoneSimulator.ActiveCfg = Debug|Any CPU
		{E913B810-8C89-406A-8C76-13FA304341B4}.Ad-Hoc|iPhoneSimulator.Build.0 = Debug|Any CPU
		{E913B810-8C89-406A-8C76-13FA304341B4}.Ad-Hoc|iPhoneSimulator.Deploy.0 = Debug|Any CPU
		{E913B810-8C89-406A-8C76-13FA304341B4}.Ad-Hoc|x64.ActiveCfg = Debug|Any CPU
		{E913B810-8C89-406A-8C76-13FA304341B4}.Ad-Hoc|x64.Build.0 = Debug|Any CPU
		{E913B810-8C89-406A-8C76-13FA304341B4}.Ad-Hoc|x64.Deploy.0 = Debug|Any CPU
		{E913B810-8C89-406A-8C76-13FA304341B4}.Ad-Hoc|x86.ActiveCfg = Debug|Any CPU
		{E913B810-8C89-406A-8C76-13FA304341B4}.Ad-Hoc|x86.Build.0 = Debug|Any CPU
		{E913B810-8C89-406A-8C76-13FA304341B4}.Ad-Hoc|x86.Deploy.0 = Debug|Any CPU
		{E913B810-8C89-406A-8C76-13FA304341B4}.AppStore|Any CPU.ActiveCfg = Debug|Any CPU
		{E913B810-8C89-406A-8C76-13FA304341B4}.AppStore|Any CPU.Build.0 = Debug|Any CPU
		{E913B810-8C89-406A-8C76-13FA304341B4}.AppStore|Any CPU.Deploy.0 = Debug|Any CPU
		{E913B810-8C89-406A-8C76-13FA304341B4}.AppStore|ARM.ActiveCfg = Debug|Any CPU
		{E913B810-8C89-406A-8C76-13FA304341B4}.AppStore|ARM.Build.0 = Debug|Any CPU
		{E913B810-8C89-406A-8C76-13FA304341B4}.AppStore|ARM.Deploy.0 = Debug|Any CPU
		{E913B810-8C89-406A-8C76-13FA304341B4}.AppStore|iPhone.ActiveCfg = Debug|Any CPU
		{E913B810-8C89-406A-8C76-13FA304341B4}.AppStore|iPhone.Build.0 = Debug|Any CPU
		{E913B810-8C89-406A-8C76-13FA304341B4}.AppStore|iPhone.Deploy.0 = Debug|Any CPU
		{E913B810-8C89-406A-8C76-13FA304341B4}.AppStore|iPhoneSimulator.ActiveCfg = Debug|Any CPU
		{E913B810-8C89-406A-8C76-13FA304341B4}.AppStore|iPhoneSimulator.Build.0 = Debug|Any CPU
		{E913B810-8C89-406A-8C76-13FA304341B4}.AppStore|iPhoneSimulator.Deploy.0 = Debug|Any CPU
		{E913B810-8C89-406A-8C76-13FA304341B4}.AppStore|x64.ActiveCfg = Debug|Any CPU
		{E913B810-8C89-406A-8C76-13FA304341B4}.AppStore|x64.Build.0 = Debug|Any CPU
		{E913B810-8C89-406A-8C76-13FA304341B4}.AppStore|x64.Deploy.0 = Debug|Any CPU
		{E913B810-8C89-406A-8C76-13FA304341B4}.AppStore|x86.ActiveCfg = Debug|Any CPU
		{E913B810-8C89-406A-8C76-13FA304341B4}.AppStore|x86.Build.0 = Debug|Any CPU
		{E913B810-8C89-406A-8C76-13FA304341B4}.AppStore|x86.Deploy.0 = Debug|Any CPU
		{E913B810-8C89-406A-8C76-13FA304341B4}.Debug|Any CPU.ActiveCfg = Debug|Any CPU
		{E913B810-8C89-406A-8C76-13FA304341B4}.Debug|Any CPU.Build.0 = Debug|Any CPU
		{E913B810-8C89-406A-8C76-13FA304341B4}.Debug|Any CPU.Deploy.0 = Debug|Any CPU
		{E913B810-8C89-406A-8C76-13FA304341B4}.Debug|ARM.ActiveCfg = Debug|Any CPU
		{E913B810-8C89-406A-8C76-13FA304341B4}.Debug|ARM.Build.0 = Debug|Any CPU
		{E913B810-8C89-406A-8C76-13FA304341B4}.Debug|ARM.Deploy.0 = Debug|Any CPU
		{E913B810-8C89-406A-8C76-13FA304341B4}.Debug|iPhone.ActiveCfg = Debug|Any CPU
		{E913B810-8C89-406A-8C76-13FA304341B4}.Debug|iPhone.Build.0 = Debug|Any CPU
		{E913B810-8C89-406A-8C76-13FA304341B4}.Debug|iPhone.Deploy.0 = Debug|Any CPU
		{E913B810-8C89-406A-8C76-13FA304341B4}.Debug|iPhoneSimulator.ActiveCfg = Debug|Any CPU
		{E913B810-8C89-406A-8C76-13FA304341B4}.Debug|iPhoneSimulator.Build.0 = Debug|Any CPU
		{E913B810-8C89-406A-8C76-13FA304341B4}.Debug|iPhoneSimulator.Deploy.0 = Debug|Any CPU
		{E913B810-8C89-406A-8C76-13FA304341B4}.Debug|x64.ActiveCfg = Debug|Any CPU
		{E913B810-8C89-406A-8C76-13FA304341B4}.Debug|x64.Build.0 = Debug|Any CPU
		{E913B810-8C89-406A-8C76-13FA304341B4}.Debug|x64.Deploy.0 = Debug|Any CPU
		{E913B810-8C89-406A-8C76-13FA304341B4}.Debug|x86.ActiveCfg = Debug|Any CPU
		{E913B810-8C89-406A-8C76-13FA304341B4}.Debug|x86.Build.0 = Debug|Any CPU
		{E913B810-8C89-406A-8C76-13FA304341B4}.Debug|x86.Deploy.0 = Debug|Any CPU
		{E913B810-8C89-406A-8C76-13FA304341B4}.Release|Any CPU.ActiveCfg = Release|Any CPU
		{E913B810-8C89-406A-8C76-13FA304341B4}.Release|Any CPU.Build.0 = Release|Any CPU
		{E913B810-8C89-406A-8C76-13FA304341B4}.Release|Any CPU.Deploy.0 = Release|Any CPU
		{E913B810-8C89-406A-8C76-13FA304341B4}.Release|ARM.ActiveCfg = Release|Any CPU
		{E913B810-8C89-406A-8C76-13FA304341B4}.Release|ARM.Build.0 = Release|Any CPU
		{E913B810-8C89-406A-8C76-13FA304341B4}.Release|ARM.Deploy.0 = Release|Any CPU
		{E913B810-8C89-406A-8C76-13FA304341B4}.Release|iPhone.ActiveCfg = Release|Any CPU
		{E913B810-8C89-406A-8C76-13FA304341B4}.Release|iPhone.Build.0 = Release|Any CPU
		{E913B810-8C89-406A-8C76-13FA304341B4}.Release|iPhone.Deploy.0 = Release|Any CPU
		{E913B810-8C89-406A-8C76-13FA304341B4}.Release|iPhoneSimulator.ActiveCfg = Release|Any CPU
		{E913B810-8C89-406A-8C76-13FA304341B4}.Release|iPhoneSimulator.Build.0 = Release|Any CPU
		{E913B810-8C89-406A-8C76-13FA304341B4}.Release|iPhoneSimulator.Deploy.0 = Release|Any CPU
		{E913B810-8C89-406A-8C76-13FA304341B4}.Release|x64.ActiveCfg = Release|Any CPU
		{E913B810-8C89-406A-8C76-13FA304341B4}.Release|x64.Build.0 = Release|Any CPU
		{E913B810-8C89-406A-8C76-13FA304341B4}.Release|x64.Deploy.0 = Release|Any CPU
		{E913B810-8C89-406A-8C76-13FA304341B4}.Release|x86.ActiveCfg = Release|Any CPU
		{E913B810-8C89-406A-8C76-13FA304341B4}.Release|x86.Build.0 = Release|Any CPU
		{E913B810-8C89-406A-8C76-13FA304341B4}.Release|x86.Deploy.0 = Release|Any CPU
	EndGlobalSection
	GlobalSection(SolutionProperties) = preSolution
		HideSolutionNode = FALSE
	EndGlobalSection
	GlobalSection(ExtensibilityGlobals) = postSolution
		SolutionGuid = {2E7A1230-4B31-4ED0-8386-DDB00C441DEF}
	EndGlobalSection
EndGlobal
